
Microsoft Visual Studio Solution File, Format Version 12.00
# Visual Studio Version 16
VisualStudioVersion = 16.0.31105.61
MinimumVisualStudioVersion = 10.0.40219.1
Project("{9A19103F-16F7-4668-BE54-9A1E7A4F7556}") = "KellenStuart.Server", "KellenStuart\Server\KellenStuart.Server.csproj", "{C3BF8B2A-B3B8-4A89-AEFE-F84D68BEBF06}"
EndProject
Project("{9A19103F-16F7-4668-BE54-9A1E7A4F7556}") = "KellenStuart.Client", "KellenStuart\Client\KellenStuart.Client.csproj", "{A2A162D2-E19A-40EA-BC4C-8980135F4FF4}"
EndProject
Project("{9A19103F-16F7-4668-BE54-9A1E7A4F7556}") = "KellenStuart.Shared", "KellenStuart\Shared\KellenStuart.Shared.csproj", "{0FF54991-AFD0-4507-993B-5E44CED6518E}"
EndProject
Global
	GlobalSection(SolutionConfigurationPlatforms) = preSolution
		Debug|Any CPU = Debug|Any CPU
		Release|Any CPU = Release|Any CPU
	EndGlobalSection
	GlobalSection(ProjectConfigurationPlatforms) = postSolution
		{C3BF8B2A-B3B8-4A89-AEFE-F84D68BEBF06}.Debug|Any CPU.ActiveCfg = Debug|Any CPU
		{C3BF8B2A-B3B8-4A89-AEFE-F84D68BEBF06}.Debug|Any CPU.Build.0 = Debug|Any CPU
		{C3BF8B2A-B3B8-4A89-AEFE-F84D68BEBF06}.Release|Any CPU.ActiveCfg = Release|Any CPU
		{C3BF8B2A-B3B8-4A89-AEFE-F84D68BEBF06}.Release|Any CPU.Build.0 = Release|Any CPU
		{A2A162D2-E19A-40EA-BC4C-8980135F4FF4}.Debug|Any CPU.ActiveCfg = Debug|Any CPU
		{A2A162D2-E19A-40EA-BC4C-8980135F4FF4}.Debug|Any CPU.Build.0 = Debug|Any CPU
		{A2A162D2-E19A-40EA-BC4C-8980135F4FF4}.Release|Any CPU.ActiveCfg = Release|Any CPU
		{A2A162D2-E19A-40EA-BC4C-8980135F4FF4}.Release|Any CPU.Build.0 = Release|Any CPU
		{0FF54991-AFD0-4507-993B-5E44CED6518E}.Debug|Any CPU.ActiveCfg = Debug|Any CPU
		{0FF54991-AFD0-4507-993B-5E44CED6518E}.Debug|Any CPU.Build.0 = Debug|Any CPU
		{0FF54991-AFD0-4507-993B-5E44CED6518E}.Release|Any CPU.ActiveCfg = Release|Any CPU
		{0FF54991-AFD0-4507-993B-5E44CED6518E}.Release|Any CPU.Build.0 = Release|Any CPU
	EndGlobalSection
	GlobalSection(SolutionProperties) = preSolution
		HideSolutionNode = FALSE
	EndGlobalSection
	GlobalSection(ExtensibilityGlobals) = postSolution
		SolutionGuid = {2847A005-75B8-4535-B7D0-622D8656F071}
	EndGlobalSection
EndGlobal
